
Microsoft Visual Studio Solution File, Format Version 12.00
# Visual Studio 2012
Project("{FAE04EC0-301F-11D3-BF4B-00C04F79EFBC}") = "Testmvc", "Testmvc\Testmvc.csproj", "{0A95115B-1584-4A3B-913B-108DF6E88C37}"
EndProject
Project("{FAE04EC0-301F-11D3-BF4B-00C04F79EFBC}") = "Testmvc.Tests", "Testmvc.Tests\Testmvc.Tests.csproj", "{DCD7A66A-4A62-473A-B668-85DC0B6112BB}"
EndProject
Global
	GlobalSection(SolutionConfigurationPlatforms) = preSolution
		Debug|Any CPU = Debug|Any CPU
		Release|Any CPU = Release|Any CPU
	EndGlobalSection
	GlobalSection(ProjectConfigurationPlatforms) = postSolution
		{0A95115B-1584-4A3B-913B-108DF6E88C37}.Debug|Any CPU.ActiveCfg = Debug|Any CPU
		{0A95115B-1584-4A3B-913B-108DF6E88C37}.Debug|Any CPU.Build.0 = Debug|Any CPU
		{0A95115B-1584-4A3B-913B-108DF6E88C37}.Release|Any CPU.ActiveCfg = Release|Any CPU
		{0A95115B-1584-4A3B-913B-108DF6E88C37}.Release|Any CPU.Build.0 = Release|Any CPU
		{DCD7A66A-4A62-473A-B668-85DC0B6112BB}.Debug|Any CPU.ActiveCfg = Debug|Any CPU
		{DCD7A66A-4A62-473A-B668-85DC0B6112BB}.Debug|Any CPU.Build.0 = Debug|Any CPU
		{DCD7A66A-4A62-473A-B668-85DC0B6112BB}.Release|Any CPU.ActiveCfg = Release|Any CPU
		{DCD7A66A-4A62-473A-B668-85DC0B6112BB}.Release|Any CPU.Build.0 = Release|Any CPU
	EndGlobalSection
	GlobalSection(SolutionProperties) = preSolution
		HideSolutionNode = FALSE
	EndGlobalSection
EndGlobal
